// !$*UTF8*$!
{
	archiveVersion = 1;
	classes = {
	};
	objectVersion = 56;
	objects = {

/* Begin PBXBuildFile section */
		16712FB0FE448A3F31132885 /* Pods_Daeseda.framework in Frameworks */ = {isa = PBXBuildFile; fileRef = 2820DA79CFA6484036A9E838 /* Pods_Daeseda.framework */; };
		8E546DF72AC13C8B00DD353E /* ShowNoticeViewController.swift in Sources */ = {isa = PBXBuildFile; fileRef = 8E546DF62AC13C8B00DD353E /* ShowNoticeViewController.swift */; };
		8E7539D12ABBFAF3004F979D /* ReviewViewController.swift in Sources */ = {isa = PBXBuildFile; fileRef = 8E7539CF2ABBFAF3004F979D /* ReviewViewController.swift */; };
		8E7539D22ABBFAF3004F979D /* ReviewWriteViewController.swift in Sources */ = {isa = PBXBuildFile; fileRef = 8E7539D02ABBFAF3004F979D /* ReviewWriteViewController.swift */; };
		8E7539DE2ABBFB06004F979D /* SettingsViewController.swift in Sources */ = {isa = PBXBuildFile; fileRef = 8E7539D52ABBFB06004F979D /* SettingsViewController.swift */; };
		8E7539DF2ABBFB06004F979D /* MyReviewViewController.swift in Sources */ = {isa = PBXBuildFile; fileRef = 8E7539D62ABBFB06004F979D /* MyReviewViewController.swift */; };
		8E7539E02ABBFB06004F979D /* MypageUserViewController.swift in Sources */ = {isa = PBXBuildFile; fileRef = 8E7539D72ABBFB06004F979D /* MypageUserViewController.swift */; };
		8E7539E12ABBFB06004F979D /* CustomerServiceViewController.swift in Sources */ = {isa = PBXBuildFile; fileRef = 8E7539D82ABBFB06004F979D /* CustomerServiceViewController.swift */; };
		8E7539E22ABBFB06004F979D /* MyInfoEditViewController.swift in Sources */ = {isa = PBXBuildFile; fileRef = 8E7539DA2ABBFB06004F979D /* MyInfoEditViewController.swift */; };
		8E7539E32ABBFB06004F979D /* MyInfoViewController.swift in Sources */ = {isa = PBXBuildFile; fileRef = 8E7539DB2ABBFB06004F979D /* MyInfoViewController.swift */; };
		8E7539E42ABBFB06004F979D /* MyAdressViewController.swift in Sources */ = {isa = PBXBuildFile; fileRef = 8E7539DC2ABBFB06004F979D /* MyAdressViewController.swift */; };
		8E7539E52ABBFB06004F979D /* MypageGuestViewController.swift in Sources */ = {isa = PBXBuildFile; fileRef = 8E7539DD2ABBFB06004F979D /* MypageGuestViewController.swift */; };
		8E7539E72ABC0CE9004F979D /* ServiceViewController.swift in Sources */ = {isa = PBXBuildFile; fileRef = 8E7539E62ABC0CE9004F979D /* ServiceViewController.swift */; };
		8E7539EB2ABDDA18004F979D /* TestViewController.swift in Sources */ = {isa = PBXBuildFile; fileRef = 8E7539EA2ABDDA18004F979D /* TestViewController.swift */; };
		8E7B41842AC04C6F00560B86 /* PrivacyPolicyViewController.swift in Sources */ = {isa = PBXBuildFile; fileRef = 8E7B41832AC04C6F00560B86 /* PrivacyPolicyViewController.swift */; };
		8E7B41862AC04DAA00560B86 /* CompanyInfoViewController.swift in Sources */ = {isa = PBXBuildFile; fileRef = 8E7B41852AC04DAA00560B86 /* CompanyInfoViewController.swift */; };
		8E7B41892AC052FD00560B86 /* NoticeViewController.swift in Sources */ = {isa = PBXBuildFile; fileRef = 8E7B41882AC052FD00560B86 /* NoticeViewController.swift */; };
		8E7B418B2AC0532B00560B86 /* FaqViewController.swift in Sources */ = {isa = PBXBuildFile; fileRef = 8E7B418A2AC0532B00560B86 /* FaqViewController.swift */; };
		8E7B418F2AC0536200560B86 /* QnaViewController.swift in Sources */ = {isa = PBXBuildFile; fileRef = 8E7B418E2AC0536200560B86 /* QnaViewController.swift */; };
		8E7B41912AC0806900560B86 /* NoticeTableViewCell.swift in Sources */ = {isa = PBXBuildFile; fileRef = 8E7B41902AC0806900560B86 /* NoticeTableViewCell.swift */; };
		8E94FFF62AC1D2B5006B8E9E /* ShowQnaViewController.swift in Sources */ = {isa = PBXBuildFile; fileRef = 8E94FFF52AC1D2B5006B8E9E /* ShowQnaViewController.swift */; };
		8E94FFF82AC1DBB2006B8E9E /* QnaTableViewCell.swift in Sources */ = {isa = PBXBuildFile; fileRef = 8E94FFF72AC1DBB2006B8E9E /* QnaTableViewCell.swift */; };
		8E94FFFA2AC1F5D0006B8E9E /* ComentTableViewCell.swift in Sources */ = {isa = PBXBuildFile; fileRef = 8E94FFF92AC1F5D0006B8E9E /* ComentTableViewCell.swift */; };
		8EA5A1C62AB18E2100AAE23C /* WDFont.swift in Sources */ = {isa = PBXBuildFile; fileRef = 8EA5A1C52AB18E2100AAE23C /* WDFont.swift */; };
		8EA5A1D42AB18FA300AAE23C /* NotoSansKR-Bold.ttf in Resources */ = {isa = PBXBuildFile; fileRef = 8EA5A1C82AB18FA200AAE23C /* NotoSansKR-Bold.ttf */; };
		8EA5A1D52AB18FA300AAE23C /* NotoSansKR-Regular.ttf in Resources */ = {isa = PBXBuildFile; fileRef = 8EA5A1C92AB18FA200AAE23C /* NotoSansKR-Regular.ttf */; };
		8EA5A1D62AB18FA300AAE23C /* NotoSansKR-ExtraLight.ttf in Resources */ = {isa = PBXBuildFile; fileRef = 8EA5A1CA2AB18FA200AAE23C /* NotoSansKR-ExtraLight.ttf */; };
		8EA5A1D72AB18FA300AAE23C /* GmarketSansTTFLight.ttf in Resources */ = {isa = PBXBuildFile; fileRef = 8EA5A1CB2AB18FA200AAE23C /* GmarketSansTTFLight.ttf */; };
		8EA5A1D82AB18FA300AAE23C /* NotoSansKR-Black.ttf in Resources */ = {isa = PBXBuildFile; fileRef = 8EA5A1CC2AB18FA300AAE23C /* NotoSansKR-Black.ttf */; };
		8EA5A1D92AB18FA300AAE23C /* NotoSansKR-SemiBold.ttf in Resources */ = {isa = PBXBuildFile; fileRef = 8EA5A1CD2AB18FA300AAE23C /* NotoSansKR-SemiBold.ttf */; };
		8EA5A1DA2AB18FA300AAE23C /* NotoSansKR-ExtraBold.ttf in Resources */ = {isa = PBXBuildFile; fileRef = 8EA5A1CE2AB18FA300AAE23C /* NotoSansKR-ExtraBold.ttf */; };
		8EA5A1DB2AB18FA300AAE23C /* NotoSansKR-Thin.ttf in Resources */ = {isa = PBXBuildFile; fileRef = 8EA5A1CF2AB18FA300AAE23C /* NotoSansKR-Thin.ttf */; };
		8EA5A1DC2AB18FA300AAE23C /* NotoSansKR-Medium.ttf in Resources */ = {isa = PBXBuildFile; fileRef = 8EA5A1D02AB18FA300AAE23C /* NotoSansKR-Medium.ttf */; };
		8EA5A1DD2AB18FA300AAE23C /* NotoSansKR-Light.ttf in Resources */ = {isa = PBXBuildFile; fileRef = 8EA5A1D12AB18FA300AAE23C /* NotoSansKR-Light.ttf */; };
		8EA5A1DE2AB18FA300AAE23C /* GmarketSansTTFBold.ttf in Resources */ = {isa = PBXBuildFile; fileRef = 8EA5A1D22AB18FA300AAE23C /* GmarketSansTTFBold.ttf */; };
		8EA5A1DF2AB18FA300AAE23C /* GmarketSansTTFMedium.ttf in Resources */ = {isa = PBXBuildFile; fileRef = 8EA5A1D32AB18FA300AAE23C /* GmarketSansTTFMedium.ttf */; };
		8EB01A7E2AC2E60D00DA41DC /* ReviewListTableViewCell.swift in Sources */ = {isa = PBXBuildFile; fileRef = 8EB01A7D2AC2E60D00DA41DC /* ReviewListTableViewCell.swift */; };
		8EB01A812AC31F8800DA41DC /* MyReviewTableViewCell.swift in Sources */ = {isa = PBXBuildFile; fileRef = 8EB01A802AC31F8800DA41DC /* MyReviewTableViewCell.swift */; };
		8EE728C02AC40484002C46B3 /* TestRequest.swift in Sources */ = {isa = PBXBuildFile; fileRef = 8EE728BF2AC40484002C46B3 /* TestRequest.swift */; };
		8EE728C32AC40BF4002C46B3 /* LoginModel.swift in Sources */ = {isa = PBXBuildFile; fileRef = 8EE728C22AC40BF4002C46B3 /* LoginModel.swift */; };
		8EE728C52AC40C63002C46B3 /* SignupModel.swift in Sources */ = {isa = PBXBuildFile; fileRef = 8EE728C42AC40C63002C46B3 /* SignupModel.swift */; };
		CC1183752AB14AFF00CE4BD2 /* AppDelegate.swift in Sources */ = {isa = PBXBuildFile; fileRef = CC1183742AB14AFF00CE4BD2 /* AppDelegate.swift */; };
		CC1183772AB14AFF00CE4BD2 /* SceneDelegate.swift in Sources */ = {isa = PBXBuildFile; fileRef = CC1183762AB14AFF00CE4BD2 /* SceneDelegate.swift */; };
		CC1183792AB14AFF00CE4BD2 /* ViewController.swift in Sources */ = {isa = PBXBuildFile; fileRef = CC1183782AB14AFF00CE4BD2 /* ViewController.swift */; };
		CC11837C2AB14AFF00CE4BD2 /* Main.storyboard in Resources */ = {isa = PBXBuildFile; fileRef = CC11837A2AB14AFF00CE4BD2 /* Main.storyboard */; };
		CC11837E2AB14B0400CE4BD2 /* Assets.xcassets in Resources */ = {isa = PBXBuildFile; fileRef = CC11837D2AB14B0400CE4BD2 /* Assets.xcassets */; };
		CC1183812AB14B0400CE4BD2 /* LaunchScreen.storyboard in Resources */ = {isa = PBXBuildFile; fileRef = CC11837F2AB14B0400CE4BD2 /* LaunchScreen.storyboard */; };
		CC62A1F82AB671700005A676 /* IdFindViewController.swift in Sources */ = {isa = PBXBuildFile; fileRef = CC62A1F72AB671700005A676 /* IdFindViewController.swift */; };
		CC62A1FA2AB671AB0005A676 /* LoginViewController.swift in Sources */ = {isa = PBXBuildFile; fileRef = CC62A1F92AB671AB0005A676 /* LoginViewController.swift */; };
		CC62A1FC2AB671CD0005A676 /* RequestInfoViewController.swift in Sources */ = {isa = PBXBuildFile; fileRef = CC62A1FB2AB671CD0005A676 /* RequestInfoViewController.swift */; };
		CC62A1FE2AB671E90005A676 /* RequestViewController.swift in Sources */ = {isa = PBXBuildFile; fileRef = CC62A1FD2AB671E90005A676 /* RequestViewController.swift */; };
		CC62A2002AB671FD0005A676 /* ResettingPasswordViewController.swift in Sources */ = {isa = PBXBuildFile; fileRef = CC62A1FF2AB671FD0005A676 /* ResettingPasswordViewController.swift */; };
		CC62A20C2AB7230D0005A676 /* JoinAgreeViewController.swift in Sources */ = {isa = PBXBuildFile; fileRef = CC62A20B2AB7230D0005A676 /* JoinAgreeViewController.swift */; };
		CC62A20E2AB7231C0005A676 /* JoinEmailViewController.swift in Sources */ = {isa = PBXBuildFile; fileRef = CC62A20D2AB7231C0005A676 /* JoinEmailViewController.swift */; };
		CC62A2102AB7232D0005A676 /* JoinInfo1ViewController.swift in Sources */ = {isa = PBXBuildFile; fileRef = CC62A20F2AB7232D0005A676 /* JoinInfo1ViewController.swift */; };
		CC62A2122AB723390005A676 /* JoinInfo2ViewController.swift in Sources */ = {isa = PBXBuildFile; fileRef = CC62A2112AB723390005A676 /* JoinInfo2ViewController.swift */; };
		CC62A2162AB72F140005A676 /* MainTabBarViewController.swift in Sources */ = {isa = PBXBuildFile; fileRef = CC62A2152AB72F140005A676 /* MainTabBarViewController.swift */; };
		CCB27ECB2AB8A47F0053EA0B /* APICollection.swift in Sources */ = {isa = PBXBuildFile; fileRef = CCB27ECA2AB8A47F0053EA0B /* APICollection.swift */; };
		CCB27ECD2AB8A9A10053EA0B /* NetworkResult.swift in Sources */ = {isa = PBXBuildFile; fileRef = CCB27ECC2AB8A9A10053EA0B /* NetworkResult.swift */; };
		CCB27ED32AB8F40C0053EA0B /* Request.swift in Sources */ = {isa = PBXBuildFile; fileRef = CCB27ED22AB8F40C0053EA0B /* Request.swift */; };
		CCE9847C2ACE92EE0005F97F /* AddressSearchViewController.swift in Sources */ = {isa = PBXBuildFile; fileRef = CCE9847B2ACE92EE0005F97F /* AddressSearchViewController.swift */; };
/* End PBXBuildFile section */

/* Begin PBXFileReference section */
		2820DA79CFA6484036A9E838 /* Pods_Daeseda.framework */ = {isa = PBXFileReference; explicitFileType = wrapper.framework; includeInIndex = 0; path = Pods_Daeseda.framework; sourceTree = BUILT_PRODUCTS_DIR; };
		8E546DF62AC13C8B00DD353E /* ShowNoticeViewController.swift */ = {isa = PBXFileReference; lastKnownFileType = sourcecode.swift; path = ShowNoticeViewController.swift; sourceTree = "<group>"; };
		8E7539CF2ABBFAF3004F979D /* ReviewViewController.swift */ = {isa = PBXFileReference; fileEncoding = 4; lastKnownFileType = sourcecode.swift; path = ReviewViewController.swift; sourceTree = "<group>"; };
		8E7539D02ABBFAF3004F979D /* ReviewWriteViewController.swift */ = {isa = PBXFileReference; fileEncoding = 4; lastKnownFileType = sourcecode.swift; path = ReviewWriteViewController.swift; sourceTree = "<group>"; };
		8E7539D52ABBFB06004F979D /* SettingsViewController.swift */ = {isa = PBXFileReference; fileEncoding = 4; lastKnownFileType = sourcecode.swift; path = SettingsViewController.swift; sourceTree = "<group>"; };
		8E7539D62ABBFB06004F979D /* MyReviewViewController.swift */ = {isa = PBXFileReference; fileEncoding = 4; lastKnownFileType = sourcecode.swift; path = MyReviewViewController.swift; sourceTree = "<group>"; };
		8E7539D72ABBFB06004F979D /* MypageUserViewController.swift */ = {isa = PBXFileReference; fileEncoding = 4; lastKnownFileType = sourcecode.swift; path = MypageUserViewController.swift; sourceTree = "<group>"; };
		8E7539D82ABBFB06004F979D /* CustomerServiceViewController.swift */ = {isa = PBXFileReference; fileEncoding = 4; lastKnownFileType = sourcecode.swift; path = CustomerServiceViewController.swift; sourceTree = "<group>"; };
		8E7539DA2ABBFB06004F979D /* MyInfoEditViewController.swift */ = {isa = PBXFileReference; fileEncoding = 4; lastKnownFileType = sourcecode.swift; path = MyInfoEditViewController.swift; sourceTree = "<group>"; };
		8E7539DB2ABBFB06004F979D /* MyInfoViewController.swift */ = {isa = PBXFileReference; fileEncoding = 4; lastKnownFileType = sourcecode.swift; path = MyInfoViewController.swift; sourceTree = "<group>"; };
		8E7539DC2ABBFB06004F979D /* MyAdressViewController.swift */ = {isa = PBXFileReference; fileEncoding = 4; lastKnownFileType = sourcecode.swift; path = MyAdressViewController.swift; sourceTree = "<group>"; };
		8E7539DD2ABBFB06004F979D /* MypageGuestViewController.swift */ = {isa = PBXFileReference; fileEncoding = 4; lastKnownFileType = sourcecode.swift; path = MypageGuestViewController.swift; sourceTree = "<group>"; };
		8E7539E62ABC0CE9004F979D /* ServiceViewController.swift */ = {isa = PBXFileReference; lastKnownFileType = sourcecode.swift; path = ServiceViewController.swift; sourceTree = "<group>"; };
		8E7539EA2ABDDA18004F979D /* TestViewController.swift */ = {isa = PBXFileReference; lastKnownFileType = sourcecode.swift; path = TestViewController.swift; sourceTree = "<group>"; };
		8E7B41832AC04C6F00560B86 /* PrivacyPolicyViewController.swift */ = {isa = PBXFileReference; lastKnownFileType = sourcecode.swift; path = PrivacyPolicyViewController.swift; sourceTree = "<group>"; };
		8E7B41852AC04DAA00560B86 /* CompanyInfoViewController.swift */ = {isa = PBXFileReference; lastKnownFileType = sourcecode.swift; path = CompanyInfoViewController.swift; sourceTree = "<group>"; };
		8E7B41882AC052FD00560B86 /* NoticeViewController.swift */ = {isa = PBXFileReference; lastKnownFileType = sourcecode.swift; path = NoticeViewController.swift; sourceTree = "<group>"; };
		8E7B418A2AC0532B00560B86 /* FaqViewController.swift */ = {isa = PBXFileReference; lastKnownFileType = sourcecode.swift; path = FaqViewController.swift; sourceTree = "<group>"; };
		8E7B418E2AC0536200560B86 /* QnaViewController.swift */ = {isa = PBXFileReference; lastKnownFileType = sourcecode.swift; path = QnaViewController.swift; sourceTree = "<group>"; };
		8E7B41902AC0806900560B86 /* NoticeTableViewCell.swift */ = {isa = PBXFileReference; lastKnownFileType = sourcecode.swift; path = NoticeTableViewCell.swift; sourceTree = "<group>"; };
		8E94FFF52AC1D2B5006B8E9E /* ShowQnaViewController.swift */ = {isa = PBXFileReference; lastKnownFileType = sourcecode.swift; path = ShowQnaViewController.swift; sourceTree = "<group>"; };
		8E94FFF72AC1DBB2006B8E9E /* QnaTableViewCell.swift */ = {isa = PBXFileReference; lastKnownFileType = sourcecode.swift; path = QnaTableViewCell.swift; sourceTree = "<group>"; };
		8E94FFF92AC1F5D0006B8E9E /* ComentTableViewCell.swift */ = {isa = PBXFileReference; lastKnownFileType = sourcecode.swift; path = ComentTableViewCell.swift; sourceTree = "<group>"; };
		8EA5A1C52AB18E2100AAE23C /* WDFont.swift */ = {isa = PBXFileReference; lastKnownFileType = sourcecode.swift; path = WDFont.swift; sourceTree = "<group>"; };
		8EA5A1C82AB18FA200AAE23C /* NotoSansKR-Bold.ttf */ = {isa = PBXFileReference; lastKnownFileType = file; path = "NotoSansKR-Bold.ttf"; sourceTree = "<group>"; };
		8EA5A1C92AB18FA200AAE23C /* NotoSansKR-Regular.ttf */ = {isa = PBXFileReference; lastKnownFileType = file; path = "NotoSansKR-Regular.ttf"; sourceTree = "<group>"; };
		8EA5A1CA2AB18FA200AAE23C /* NotoSansKR-ExtraLight.ttf */ = {isa = PBXFileReference; lastKnownFileType = file; path = "NotoSansKR-ExtraLight.ttf"; sourceTree = "<group>"; };
		8EA5A1CB2AB18FA200AAE23C /* GmarketSansTTFLight.ttf */ = {isa = PBXFileReference; lastKnownFileType = file; path = GmarketSansTTFLight.ttf; sourceTree = "<group>"; };
		8EA5A1CC2AB18FA300AAE23C /* NotoSansKR-Black.ttf */ = {isa = PBXFileReference; lastKnownFileType = file; path = "NotoSansKR-Black.ttf"; sourceTree = "<group>"; };
		8EA5A1CD2AB18FA300AAE23C /* NotoSansKR-SemiBold.ttf */ = {isa = PBXFileReference; lastKnownFileType = file; path = "NotoSansKR-SemiBold.ttf"; sourceTree = "<group>"; };
		8EA5A1CE2AB18FA300AAE23C /* NotoSansKR-ExtraBold.ttf */ = {isa = PBXFileReference; lastKnownFileType = file; path = "NotoSansKR-ExtraBold.ttf"; sourceTree = "<group>"; };
		8EA5A1CF2AB18FA300AAE23C /* NotoSansKR-Thin.ttf */ = {isa = PBXFileReference; lastKnownFileType = file; path = "NotoSansKR-Thin.ttf"; sourceTree = "<group>"; };
		8EA5A1D02AB18FA300AAE23C /* NotoSansKR-Medium.ttf */ = {isa = PBXFileReference; lastKnownFileType = file; path = "NotoSansKR-Medium.ttf"; sourceTree = "<group>"; };
		8EA5A1D12AB18FA300AAE23C /* NotoSansKR-Light.ttf */ = {isa = PBXFileReference; lastKnownFileType = file; path = "NotoSansKR-Light.ttf"; sourceTree = "<group>"; };
		8EA5A1D22AB18FA300AAE23C /* GmarketSansTTFBold.ttf */ = {isa = PBXFileReference; lastKnownFileType = file; path = GmarketSansTTFBold.ttf; sourceTree = "<group>"; };
		8EA5A1D32AB18FA300AAE23C /* GmarketSansTTFMedium.ttf */ = {isa = PBXFileReference; lastKnownFileType = file; path = GmarketSansTTFMedium.ttf; sourceTree = "<group>"; };
		8EB01A7D2AC2E60D00DA41DC /* ReviewListTableViewCell.swift */ = {isa = PBXFileReference; lastKnownFileType = sourcecode.swift; path = ReviewListTableViewCell.swift; sourceTree = "<group>"; };
		8EB01A802AC31F8800DA41DC /* MyReviewTableViewCell.swift */ = {isa = PBXFileReference; lastKnownFileType = sourcecode.swift; path = MyReviewTableViewCell.swift; sourceTree = "<group>"; };
		8EE728BF2AC40484002C46B3 /* TestRequest.swift */ = {isa = PBXFileReference; lastKnownFileType = sourcecode.swift; path = TestRequest.swift; sourceTree = "<group>"; };
		8EE728C22AC40BF4002C46B3 /* LoginModel.swift */ = {isa = PBXFileReference; lastKnownFileType = sourcecode.swift; path = LoginModel.swift; sourceTree = "<group>"; };
		8EE728C42AC40C63002C46B3 /* SignupModel.swift */ = {isa = PBXFileReference; lastKnownFileType = sourcecode.swift; path = SignupModel.swift; sourceTree = "<group>"; };
		94732938D3F457F1B3DF2B28 /* Pods-Daeseda.release.xcconfig */ = {isa = PBXFileReference; includeInIndex = 1; lastKnownFileType = text.xcconfig; name = "Pods-Daeseda.release.xcconfig"; path = "Target Support Files/Pods-Daeseda/Pods-Daeseda.release.xcconfig"; sourceTree = "<group>"; };
		C2A0D6DEDDDB0CD50758AD79 /* Pods-Daeseda.debug.xcconfig */ = {isa = PBXFileReference; includeInIndex = 1; lastKnownFileType = text.xcconfig; name = "Pods-Daeseda.debug.xcconfig"; path = "Target Support Files/Pods-Daeseda/Pods-Daeseda.debug.xcconfig"; sourceTree = "<group>"; };
		CC1183712AB14AFF00CE4BD2 /* Daeseda.app */ = {isa = PBXFileReference; explicitFileType = wrapper.application; includeInIndex = 0; path = Daeseda.app; sourceTree = BUILT_PRODUCTS_DIR; };
		CC1183742AB14AFF00CE4BD2 /* AppDelegate.swift */ = {isa = PBXFileReference; lastKnownFileType = sourcecode.swift; path = AppDelegate.swift; sourceTree = "<group>"; };
		CC1183762AB14AFF00CE4BD2 /* SceneDelegate.swift */ = {isa = PBXFileReference; lastKnownFileType = sourcecode.swift; path = SceneDelegate.swift; sourceTree = "<group>"; };
		CC1183782AB14AFF00CE4BD2 /* ViewController.swift */ = {isa = PBXFileReference; lastKnownFileType = sourcecode.swift; path = ViewController.swift; sourceTree = "<group>"; };
		CC11837B2AB14AFF00CE4BD2 /* Base */ = {isa = PBXFileReference; lastKnownFileType = file.storyboard; name = Base; path = Base.lproj/Main.storyboard; sourceTree = "<group>"; };
		CC11837D2AB14B0400CE4BD2 /* Assets.xcassets */ = {isa = PBXFileReference; lastKnownFileType = folder.assetcatalog; path = Assets.xcassets; sourceTree = "<group>"; };
		CC1183802AB14B0400CE4BD2 /* Base */ = {isa = PBXFileReference; lastKnownFileType = file.storyboard; name = Base; path = Base.lproj/LaunchScreen.storyboard; sourceTree = "<group>"; };
		CC1183822AB14B0400CE4BD2 /* Info.plist */ = {isa = PBXFileReference; lastKnownFileType = text.plist.xml; path = Info.plist; sourceTree = "<group>"; };
		CC62A1F72AB671700005A676 /* IdFindViewController.swift */ = {isa = PBXFileReference; lastKnownFileType = sourcecode.swift; path = IdFindViewController.swift; sourceTree = "<group>"; };
		CC62A1F92AB671AB0005A676 /* LoginViewController.swift */ = {isa = PBXFileReference; lastKnownFileType = sourcecode.swift; path = LoginViewController.swift; sourceTree = "<group>"; };
		CC62A1FB2AB671CD0005A676 /* RequestInfoViewController.swift */ = {isa = PBXFileReference; lastKnownFileType = sourcecode.swift; path = RequestInfoViewController.swift; sourceTree = "<group>"; };
		CC62A1FD2AB671E90005A676 /* RequestViewController.swift */ = {isa = PBXFileReference; lastKnownFileType = sourcecode.swift; path = RequestViewController.swift; sourceTree = "<group>"; };
		CC62A1FF2AB671FD0005A676 /* ResettingPasswordViewController.swift */ = {isa = PBXFileReference; lastKnownFileType = sourcecode.swift; path = ResettingPasswordViewController.swift; sourceTree = "<group>"; };
		CC62A20B2AB7230D0005A676 /* JoinAgreeViewController.swift */ = {isa = PBXFileReference; lastKnownFileType = sourcecode.swift; path = JoinAgreeViewController.swift; sourceTree = "<group>"; };
		CC62A20D2AB7231C0005A676 /* JoinEmailViewController.swift */ = {isa = PBXFileReference; lastKnownFileType = sourcecode.swift; path = JoinEmailViewController.swift; sourceTree = "<group>"; };
		CC62A20F2AB7232D0005A676 /* JoinInfo1ViewController.swift */ = {isa = PBXFileReference; lastKnownFileType = sourcecode.swift; path = JoinInfo1ViewController.swift; sourceTree = "<group>"; };
		CC62A2112AB723390005A676 /* JoinInfo2ViewController.swift */ = {isa = PBXFileReference; lastKnownFileType = sourcecode.swift; path = JoinInfo2ViewController.swift; sourceTree = "<group>"; };
		CC62A2152AB72F140005A676 /* MainTabBarViewController.swift */ = {isa = PBXFileReference; lastKnownFileType = sourcecode.swift; path = MainTabBarViewController.swift; sourceTree = "<group>"; };
		CCB27ECA2AB8A47F0053EA0B /* APICollection.swift */ = {isa = PBXFileReference; lastKnownFileType = sourcecode.swift; path = APICollection.swift; sourceTree = "<group>"; };
		CCB27ECC2AB8A9A10053EA0B /* NetworkResult.swift */ = {isa = PBXFileReference; lastKnownFileType = sourcecode.swift; path = NetworkResult.swift; sourceTree = "<group>"; };
		CCB27ED22AB8F40C0053EA0B /* Request.swift */ = {isa = PBXFileReference; lastKnownFileType = sourcecode.swift; path = Request.swift; sourceTree = "<group>"; };
		CCE9847B2ACE92EE0005F97F /* AddressSearchViewController.swift */ = {isa = PBXFileReference; lastKnownFileType = sourcecode.swift; path = AddressSearchViewController.swift; sourceTree = "<group>"; };
/* End PBXFileReference section */

/* Begin PBXFrameworksBuildPhase section */
		CC11836E2AB14AFF00CE4BD2 /* Frameworks */ = {
			isa = PBXFrameworksBuildPhase;
			buildActionMask = 2147483647;
			files = (
				16712FB0FE448A3F31132885 /* Pods_Daeseda.framework in Frameworks */,
			);
			runOnlyForDeploymentPostprocessing = 0;
		};
/* End PBXFrameworksBuildPhase section */

/* Begin PBXGroup section */
		8E7539CE2ABBFAF3004F979D /* Review */ = {
			isa = PBXGroup;
			children = (
				8E7539CF2ABBFAF3004F979D /* ReviewViewController.swift */,
				8E7539D02ABBFAF3004F979D /* ReviewWriteViewController.swift */,
				8EB01A7D2AC2E60D00DA41DC /* ReviewListTableViewCell.swift */,
			);
			path = Review;
			sourceTree = "<group>";
		};
		8E7539D32ABBFB06004F979D /* Mypage */ = {
			isa = PBXGroup;
			children = (
				8E7539D72ABBFB06004F979D /* MypageUserViewController.swift */,
				8E7539DD2ABBFB06004F979D /* MypageGuestViewController.swift */,
				8E7539D92ABBFB06004F979D /* Info */,
				8E7B41872AC052E400560B86 /* CustomerService */,
				8E7539D42ABBFB06004F979D /* Settings */,
				8EB01A7F2AC31EB500DA41DC /* MyReviews */,
				8EB01A822AC3261B00DA41DC /* MyAdres */,
			);
			name = Mypage;
			path = MyPage;
			sourceTree = "<group>";
		};
		8E7539D42ABBFB06004F979D /* Settings */ = {
			isa = PBXGroup;
			children = (
				8E7539D52ABBFB06004F979D /* SettingsViewController.swift */,
				8E7539E62ABC0CE9004F979D /* ServiceViewController.swift */,
				8E7B41832AC04C6F00560B86 /* PrivacyPolicyViewController.swift */,
				8E7B41852AC04DAA00560B86 /* CompanyInfoViewController.swift */,
			);
			path = Settings;
			sourceTree = "<group>";
		};
		8E7539D92ABBFB06004F979D /* Info */ = {
			isa = PBXGroup;
			children = (
				8E7539DA2ABBFB06004F979D /* MyInfoEditViewController.swift */,
				8E7539DB2ABBFB06004F979D /* MyInfoViewController.swift */,
			);
			path = Info;
			sourceTree = "<group>";
		};
		8E7B41872AC052E400560B86 /* CustomerService */ = {
			isa = PBXGroup;
			children = (
				8E7539D82ABBFB06004F979D /* CustomerServiceViewController.swift */,
				8E94FFF22AC1D27B006B8E9E /* Notice */,
				8E94FFF32AC1D294006B8E9E /* Faq */,
				8E94FFF42AC1D2A4006B8E9E /* Qna */,
			);
			path = CustomerService;
			sourceTree = "<group>";
		};
		8E94FFF22AC1D27B006B8E9E /* Notice */ = {
			isa = PBXGroup;
			children = (
				8E7B41882AC052FD00560B86 /* NoticeViewController.swift */,
				8E7B41902AC0806900560B86 /* NoticeTableViewCell.swift */,
				8E546DF62AC13C8B00DD353E /* ShowNoticeViewController.swift */,
			);
			path = Notice;
			sourceTree = "<group>";
		};
		8E94FFF32AC1D294006B8E9E /* Faq */ = {
			isa = PBXGroup;
			children = (
				8E7B418A2AC0532B00560B86 /* FaqViewController.swift */,
			);
			path = Faq;
			sourceTree = "<group>";
		};
		8E94FFF42AC1D2A4006B8E9E /* Qna */ = {
			isa = PBXGroup;
			children = (
				8E7B418E2AC0536200560B86 /* QnaViewController.swift */,
				8E94FFF72AC1DBB2006B8E9E /* QnaTableViewCell.swift */,
				8E94FFF52AC1D2B5006B8E9E /* ShowQnaViewController.swift */,
				8E94FFF92AC1F5D0006B8E9E /* ComentTableViewCell.swift */,
			);
			path = Qna;
			sourceTree = "<group>";
		};
		8EA5A1C42AB18DBE00AAE23C /* Util */ = {
			isa = PBXGroup;
			children = (
				8EA5A1C52AB18E2100AAE23C /* WDFont.swift */,
			);
			path = Util;
			sourceTree = "<group>";
		};
		8EA5A1C72AB18F1000AAE23C /* Font */ = {
			isa = PBXGroup;
			children = (
				8EA5A1D22AB18FA300AAE23C /* GmarketSansTTFBold.ttf */,
				8EA5A1CB2AB18FA200AAE23C /* GmarketSansTTFLight.ttf */,
				8EA5A1D32AB18FA300AAE23C /* GmarketSansTTFMedium.ttf */,
				8EA5A1CC2AB18FA300AAE23C /* NotoSansKR-Black.ttf */,
				8EA5A1C82AB18FA200AAE23C /* NotoSansKR-Bold.ttf */,
				8EA5A1CE2AB18FA300AAE23C /* NotoSansKR-ExtraBold.ttf */,
				8EA5A1CA2AB18FA200AAE23C /* NotoSansKR-ExtraLight.ttf */,
				8EA5A1D12AB18FA300AAE23C /* NotoSansKR-Light.ttf */,
				8EA5A1D02AB18FA300AAE23C /* NotoSansKR-Medium.ttf */,
				8EA5A1C92AB18FA200AAE23C /* NotoSansKR-Regular.ttf */,
				8EA5A1CD2AB18FA300AAE23C /* NotoSansKR-SemiBold.ttf */,
				8EA5A1CF2AB18FA300AAE23C /* NotoSansKR-Thin.ttf */,
			);
			path = Font;
			sourceTree = "<group>";
		};
		8EB01A7F2AC31EB500DA41DC /* MyReviews */ = {
			isa = PBXGroup;
			children = (
				8E7539D62ABBFB06004F979D /* MyReviewViewController.swift */,
				8EB01A802AC31F8800DA41DC /* MyReviewTableViewCell.swift */,
			);
			path = MyReviews;
			sourceTree = "<group>";
		};
		8EB01A822AC3261B00DA41DC /* MyAdres */ = {
			isa = PBXGroup;
			children = (
				8E7539DC2ABBFB06004F979D /* MyAdressViewController.swift */,
			);
			path = MyAdres;
			sourceTree = "<group>";
		};
		8EE728C12AC40BBD002C46B3 /* Model */ = {
			isa = PBXGroup;
			children = (
				8EE728C22AC40BF4002C46B3 /* LoginModel.swift */,
				8EE728C42AC40C63002C46B3 /* SignupModel.swift */,
			);
			path = Model;
			sourceTree = "<group>";
		};
		C13D4A34B613E73F5A4A720B /* Pods */ = {
			isa = PBXGroup;
			children = (
				C2A0D6DEDDDB0CD50758AD79 /* Pods-Daeseda.debug.xcconfig */,
				94732938D3F457F1B3DF2B28 /* Pods-Daeseda.release.xcconfig */,
			);
			path = Pods;
			sourceTree = "<group>";
		};
		CC056ABF2ACC956E00593174 /* Signup */ = {
			isa = PBXGroup;
			children = (
				CC62A20B2AB7230D0005A676 /* JoinAgreeViewController.swift */,
				CC62A20D2AB7231C0005A676 /* JoinEmailViewController.swift */,
				CC62A20F2AB7232D0005A676 /* JoinInfo1ViewController.swift */,
				CC62A2112AB723390005A676 /* JoinInfo2ViewController.swift */,
			);
			path = Signup;
			sourceTree = "<group>";
		};
		CC056AC02ACC958000593174 /* Login */ = {
			isa = PBXGroup;
			children = (
				CC62A1F92AB671AB0005A676 /* LoginViewController.swift */,
				CC62A1F72AB671700005A676 /* IdFindViewController.swift */,
				CC62A1FF2AB671FD0005A676 /* ResettingPasswordViewController.swift */,
			);
			path = Login;
			sourceTree = "<group>";
		};
		CC056AC12ACC958F00593174 /* Apply */ = {
			isa = PBXGroup;
			children = (
				CC62A1FB2AB671CD0005A676 /* RequestInfoViewController.swift */,
				CC62A1FD2AB671E90005A676 /* RequestViewController.swift */,
			);
			path = Apply;
			sourceTree = "<group>";
		};
		CC1183682AB14AFF00CE4BD2 = {
			isa = PBXGroup;
			children = (
				8EA5A1C72AB18F1000AAE23C /* Font */,
				8EA5A1C42AB18DBE00AAE23C /* Util */,
				CC1183732AB14AFF00CE4BD2 /* Daeseda */,
				CC1183722AB14AFF00CE4BD2 /* Products */,
				C13D4A34B613E73F5A4A720B /* Pods */,
				E15E55DB772BD2F86CAE26AE /* Frameworks */,
			);
			sourceTree = "<group>";
		};
		CC1183722AB14AFF00CE4BD2 /* Products */ = {
			isa = PBXGroup;
			children = (
				CC1183712AB14AFF00CE4BD2 /* Daeseda.app */,
			);
			name = Products;
			sourceTree = "<group>";
		};
		CC1183732AB14AFF00CE4BD2 /* Daeseda */ = {
			isa = PBXGroup;
			children = (
				CC1183742AB14AFF00CE4BD2 /* AppDelegate.swift */,
				CC1183762AB14AFF00CE4BD2 /* SceneDelegate.swift */,
				CC11837A2AB14AFF00CE4BD2 /* Main.storyboard */,
				CC62A2152AB72F140005A676 /* MainTabBarViewController.swift */,
				CC1183782AB14AFF00CE4BD2 /* ViewController.swift */,
				8E7539EA2ABDDA18004F979D /* TestViewController.swift */,
				CCE9847B2ACE92EE0005F97F /* AddressSearchViewController.swift */,
				CC056AC02ACC958000593174 /* Login */,
				CC056ABF2ACC956E00593174 /* Signup */,
				CC056AC12ACC958F00593174 /* Apply */,
				8E7539D32ABBFB06004F979D /* Mypage */,
				8E7539CE2ABBFAF3004F979D /* Review */,
				8EE728C12AC40BBD002C46B3 /* Model */,
				CCB27ECF2AB8AD5B0053EA0B /* Network */,
				CC11837D2AB14B0400CE4BD2 /* Assets.xcassets */,
				CC11837F2AB14B0400CE4BD2 /* LaunchScreen.storyboard */,
				CC1183822AB14B0400CE4BD2 /* Info.plist */,
			);
			path = Daeseda;
			sourceTree = "<group>";
		};
		CCB27ECF2AB8AD5B0053EA0B /* Network */ = {
			isa = PBXGroup;
			children = (
				CCB27ED22AB8F40C0053EA0B /* Request.swift */,
				CCB27ECA2AB8A47F0053EA0B /* APICollection.swift */,
				CCB27ECC2AB8A9A10053EA0B /* NetworkResult.swift */,
				8EE728BF2AC40484002C46B3 /* TestRequest.swift */,
			);
			path = Network;
			sourceTree = "<group>";
		};
		E15E55DB772BD2F86CAE26AE /* Frameworks */ = {
			isa = PBXGroup;
			children = (
				2820DA79CFA6484036A9E838 /* Pods_Daeseda.framework */,
			);
			name = Frameworks;
			sourceTree = "<group>";
		};
/* End PBXGroup section */

/* Begin PBXNativeTarget section */
		CC1183702AB14AFF00CE4BD2 /* Daeseda */ = {
			isa = PBXNativeTarget;
			buildConfigurationList = CC1183852AB14B0400CE4BD2 /* Build configuration list for PBXNativeTarget "Daeseda" */;
			buildPhases = (
				F51F71A7BCDDEA027DB8881F /* [CP] Check Pods Manifest.lock */,
				CC11836D2AB14AFF00CE4BD2 /* Sources */,
				CC11836E2AB14AFF00CE4BD2 /* Frameworks */,
				CC11836F2AB14AFF00CE4BD2 /* Resources */,
				61DBDC8EE513936D470A099E /* [CP] Embed Pods Frameworks */,
			);
			buildRules = (
			);
			dependencies = (
			);
			name = Daeseda;
			productName = Daeseda;
			productReference = CC1183712AB14AFF00CE4BD2 /* Daeseda.app */;
			productType = "com.apple.product-type.application";
		};
/* End PBXNativeTarget section */

/* Begin PBXProject section */
		CC1183692AB14AFF00CE4BD2 /* Project object */ = {
			isa = PBXProject;
			attributes = {
				BuildIndependentTargetsInParallel = 1;
				LastSwiftUpdateCheck = 1430;
				LastUpgradeCheck = 1430;
				TargetAttributes = {
					CC1183702AB14AFF00CE4BD2 = {
						CreatedOnToolsVersion = 14.3.1;
					};
				};
			};
			buildConfigurationList = CC11836C2AB14AFF00CE4BD2 /* Build configuration list for PBXProject "Daeseda" */;
			compatibilityVersion = "Xcode 14.0";
			developmentRegion = en;
			hasScannedForEncodings = 0;
			knownRegions = (
				en,
				Base,
			);
			mainGroup = CC1183682AB14AFF00CE4BD2;
			productRefGroup = CC1183722AB14AFF00CE4BD2 /* Products */;
			projectDirPath = "";
			projectRoot = "";
			targets = (
				CC1183702AB14AFF00CE4BD2 /* Daeseda */,
			);
		};
/* End PBXProject section */

/* Begin PBXResourcesBuildPhase section */
		CC11836F2AB14AFF00CE4BD2 /* Resources */ = {
			isa = PBXResourcesBuildPhase;
			buildActionMask = 2147483647;
			files = (
				8EA5A1DA2AB18FA300AAE23C /* NotoSansKR-ExtraBold.ttf in Resources */,
				CC1183812AB14B0400CE4BD2 /* LaunchScreen.storyboard in Resources */,
				8EA5A1D92AB18FA300AAE23C /* NotoSansKR-SemiBold.ttf in Resources */,
				8EA5A1D72AB18FA300AAE23C /* GmarketSansTTFLight.ttf in Resources */,
				CC11837E2AB14B0400CE4BD2 /* Assets.xcassets in Resources */,
				8EA5A1DD2AB18FA300AAE23C /* NotoSansKR-Light.ttf in Resources */,
				CC11837C2AB14AFF00CE4BD2 /* Main.storyboard in Resources */,
				8EA5A1DE2AB18FA300AAE23C /* GmarketSansTTFBold.ttf in Resources */,
				8EA5A1D82AB18FA300AAE23C /* NotoSansKR-Black.ttf in Resources */,
				8EA5A1D42AB18FA300AAE23C /* NotoSansKR-Bold.ttf in Resources */,
				8EA5A1DB2AB18FA300AAE23C /* NotoSansKR-Thin.ttf in Resources */,
				8EA5A1DC2AB18FA300AAE23C /* NotoSansKR-Medium.ttf in Resources */,
				8EA5A1D62AB18FA300AAE23C /* NotoSansKR-ExtraLight.ttf in Resources */,
				8EA5A1D52AB18FA300AAE23C /* NotoSansKR-Regular.ttf in Resources */,
				8EA5A1DF2AB18FA300AAE23C /* GmarketSansTTFMedium.ttf in Resources */,
			);
			runOnlyForDeploymentPostprocessing = 0;
		};
/* End PBXResourcesBuildPhase section */

/* Begin PBXShellScriptBuildPhase section */
		61DBDC8EE513936D470A099E /* [CP] Embed Pods Frameworks */ = {
			isa = PBXShellScriptBuildPhase;
			buildActionMask = 2147483647;
			files = (
			);
			inputFileListPaths = (
				"${PODS_ROOT}/Target Support Files/Pods-Daeseda/Pods-Daeseda-frameworks-${CONFIGURATION}-input-files.xcfilelist",
			);
			name = "[CP] Embed Pods Frameworks";
			outputFileListPaths = (
				"${PODS_ROOT}/Target Support Files/Pods-Daeseda/Pods-Daeseda-frameworks-${CONFIGURATION}-output-files.xcfilelist",
			);
			runOnlyForDeploymentPostprocessing = 0;
			shellPath = /bin/sh;
			shellScript = "\"${PODS_ROOT}/Target Support Files/Pods-Daeseda/Pods-Daeseda-frameworks.sh\"\n";
			showEnvVarsInLog = 0;
		};
		F51F71A7BCDDEA027DB8881F /* [CP] Check Pods Manifest.lock */ = {
			isa = PBXShellScriptBuildPhase;
			buildActionMask = 2147483647;
			files = (
			);
			inputFileListPaths = (
			);
			inputPaths = (
				"${PODS_PODFILE_DIR_PATH}/Podfile.lock",
				"${PODS_ROOT}/Manifest.lock",
			);
			name = "[CP] Check Pods Manifest.lock";
			outputFileListPaths = (
			);
			outputPaths = (
				"$(DERIVED_FILE_DIR)/Pods-Daeseda-checkManifestLockResult.txt",
			);
			runOnlyForDeploymentPostprocessing = 0;
			shellPath = /bin/sh;
			shellScript = "diff \"${PODS_PODFILE_DIR_PATH}/Podfile.lock\" \"${PODS_ROOT}/Manifest.lock\" > /dev/null\nif [ $? != 0 ] ; then\n    # print error to STDERR\n    echo \"error: The sandbox is not in sync with the Podfile.lock. Run 'pod install' or update your CocoaPods installation.\" >&2\n    exit 1\nfi\n# This output is used by Xcode 'outputs' to avoid re-running this script phase.\necho \"SUCCESS\" > \"${SCRIPT_OUTPUT_FILE_0}\"\n";
			showEnvVarsInLog = 0;
		};
/* End PBXShellScriptBuildPhase section */

/* Begin PBXSourcesBuildPhase section */
		CC11836D2AB14AFF00CE4BD2 /* Sources */ = {
			isa = PBXSourcesBuildPhase;
			buildActionMask = 2147483647;
			files = (
				8E7539E22ABBFB06004F979D /* MyInfoEditViewController.swift in Sources */,
				CC62A2002AB671FD0005A676 /* ResettingPasswordViewController.swift in Sources */,
				CC62A1FA2AB671AB0005A676 /* LoginViewController.swift in Sources */,
				8EE728C02AC40484002C46B3 /* TestRequest.swift in Sources */,
				8E94FFF62AC1D2B5006B8E9E /* ShowQnaViewController.swift in Sources */,
				8E7B41862AC04DAA00560B86 /* CompanyInfoViewController.swift in Sources */,
				8E7B41842AC04C6F00560B86 /* PrivacyPolicyViewController.swift in Sources */,
				8EE728C52AC40C63002C46B3 /* SignupModel.swift in Sources */,
				8E7539E12ABBFB06004F979D /* CustomerServiceViewController.swift in Sources */,
				8E7539EB2ABDDA18004F979D /* TestViewController.swift in Sources */,
				CC62A1F82AB671700005A676 /* IdFindViewController.swift in Sources */,
				8EB01A7E2AC2E60D00DA41DC /* ReviewListTableViewCell.swift in Sources */,
				8E7539DE2ABBFB06004F979D /* SettingsViewController.swift in Sources */,
				8E94FFFA2AC1F5D0006B8E9E /* ComentTableViewCell.swift in Sources */,
				CC62A2162AB72F140005A676 /* MainTabBarViewController.swift in Sources */,
				8E7539E32ABBFB06004F979D /* MyInfoViewController.swift in Sources */,
				8E7539E42ABBFB06004F979D /* MyAdressViewController.swift in Sources */,
				CCB27ECB2AB8A47F0053EA0B /* APICollection.swift in Sources */,
				CC62A20C2AB7230D0005A676 /* JoinAgreeViewController.swift in Sources */,
				CC62A2102AB7232D0005A676 /* JoinInfo1ViewController.swift in Sources */,
				8E7B418B2AC0532B00560B86 /* FaqViewController.swift in Sources */,
				8E7539E02ABBFB06004F979D /* MypageUserViewController.swift in Sources */,
				8E7B418F2AC0536200560B86 /* QnaViewController.swift in Sources */,
				CCE9847C2ACE92EE0005F97F /* AddressSearchViewController.swift in Sources */,
				CC1183792AB14AFF00CE4BD2 /* ViewController.swift in Sources */,
				8E7539D12ABBFAF3004F979D /* ReviewViewController.swift in Sources */,
				CC62A2122AB723390005A676 /* JoinInfo2ViewController.swift in Sources */,
				CC62A1FC2AB671CD0005A676 /* RequestInfoViewController.swift in Sources */,
				8EB01A812AC31F8800DA41DC /* MyReviewTableViewCell.swift in Sources */,
				CCB27ED32AB8F40C0053EA0B /* Request.swift in Sources */,
				8E7B41912AC0806900560B86 /* NoticeTableViewCell.swift in Sources */,
				8E7539E72ABC0CE9004F979D /* ServiceViewController.swift in Sources */,
				8E7B41892AC052FD00560B86 /* NoticeViewController.swift in Sources */,
				8EA5A1C62AB18E2100AAE23C /* WDFont.swift in Sources */,
				8E546DF72AC13C8B00DD353E /* ShowNoticeViewController.swift in Sources */,
				8E7539DF2ABBFB06004F979D /* MyReviewViewController.swift in Sources */,
				CC1183752AB14AFF00CE4BD2 /* AppDelegate.swift in Sources */,
				CC62A1FE2AB671E90005A676 /* RequestViewController.swift in Sources */,
				8E94FFF82AC1DBB2006B8E9E /* QnaTableViewCell.swift in Sources */,
				8EE728C32AC40BF4002C46B3 /* LoginModel.swift in Sources */,
				8E7539E52ABBFB06004F979D /* MypageGuestViewController.swift in Sources */,
				CC1183772AB14AFF00CE4BD2 /* SceneDelegate.swift in Sources */,
				8E7539D22ABBFAF3004F979D /* ReviewWriteViewController.swift in Sources */,
				CCB27ECD2AB8A9A10053EA0B /* NetworkResult.swift in Sources */,
				CC62A20E2AB7231C0005A676 /* JoinEmailViewController.swift in Sources */,
			);
			runOnlyForDeploymentPostprocessing = 0;
		};
/* End PBXSourcesBuildPhase section */

/* Begin PBXVariantGroup section */
		CC11837A2AB14AFF00CE4BD2 /* Main.storyboard */ = {
			isa = PBXVariantGroup;
			children = (
				CC11837B2AB14AFF00CE4BD2 /* Base */,
			);
			name = Main.storyboard;
			sourceTree = "<group>";
		};
		CC11837F2AB14B0400CE4BD2 /* LaunchScreen.storyboard */ = {
			isa = PBXVariantGroup;
			children = (
				CC1183802AB14B0400CE4BD2 /* Base */,
			);
			name = LaunchScreen.storyboard;
			sourceTree = "<group>";
		};
/* End PBXVariantGroup section */

/* Begin XCBuildConfiguration section */
		CC1183832AB14B0400CE4BD2 /* Debug */ = {
			isa = XCBuildConfiguration;
			buildSettings = {
				ALWAYS_SEARCH_USER_PATHS = NO;
				CLANG_ANALYZER_NONNULL = YES;
				CLANG_ANALYZER_NUMBER_OBJECT_CONVERSION = YES_AGGRESSIVE;
				CLANG_CXX_LANGUAGE_STANDARD = "gnu++20";
				CLANG_ENABLE_MODULES = YES;
				CLANG_ENABLE_OBJC_ARC = YES;
				CLANG_ENABLE_OBJC_WEAK = YES;
				CLANG_WARN_BLOCK_CAPTURE_AUTORELEASING = YES;
				CLANG_WARN_BOOL_CONVERSION = YES;
				CLANG_WARN_COMMA = YES;
				CLANG_WARN_CONSTANT_CONVERSION = YES;
				CLANG_WARN_DEPRECATED_OBJC_IMPLEMENTATIONS = YES;
				CLANG_WARN_DIRECT_OBJC_ISA_USAGE = YES_ERROR;
				CLANG_WARN_DOCUMENTATION_COMMENTS = YES;
				CLANG_WARN_EMPTY_BODY = YES;
				CLANG_WARN_ENUM_CONVERSION = YES;
				CLANG_WARN_INFINITE_RECURSION = YES;
				CLANG_WARN_INT_CONVERSION = YES;
				CLANG_WARN_NON_LITERAL_NULL_CONVERSION = YES;
				CLANG_WARN_OBJC_IMPLICIT_RETAIN_SELF = YES;
				CLANG_WARN_OBJC_LITERAL_CONVERSION = YES;
				CLANG_WARN_OBJC_ROOT_CLASS = YES_ERROR;
				CLANG_WARN_QUOTED_INCLUDE_IN_FRAMEWORK_HEADER = YES;
				CLANG_WARN_RANGE_LOOP_ANALYSIS = YES;
				CLANG_WARN_STRICT_PROTOTYPES = YES;
				CLANG_WARN_SUSPICIOUS_MOVE = YES;
				CLANG_WARN_UNGUARDED_AVAILABILITY = YES_AGGRESSIVE;
				CLANG_WARN_UNREACHABLE_CODE = YES;
				CLANG_WARN__DUPLICATE_METHOD_MATCH = YES;
				COPY_PHASE_STRIP = NO;
				DEBUG_INFORMATION_FORMAT = dwarf;
				ENABLE_STRICT_OBJC_MSGSEND = YES;
				ENABLE_TESTABILITY = YES;
				GCC_C_LANGUAGE_STANDARD = gnu11;
				GCC_DYNAMIC_NO_PIC = NO;
				GCC_NO_COMMON_BLOCKS = YES;
				GCC_OPTIMIZATION_LEVEL = 0;
				GCC_PREPROCESSOR_DEFINITIONS = (
					"DEBUG=1",
					"$(inherited)",
				);
				GCC_WARN_64_TO_32_BIT_CONVERSION = YES;
				GCC_WARN_ABOUT_RETURN_TYPE = YES_ERROR;
				GCC_WARN_UNDECLARED_SELECTOR = YES;
				GCC_WARN_UNINITIALIZED_AUTOS = YES_AGGRESSIVE;
				GCC_WARN_UNUSED_FUNCTION = YES;
				GCC_WARN_UNUSED_VARIABLE = YES;
				IPHONEOS_DEPLOYMENT_TARGET = 16.4;
				MTL_ENABLE_DEBUG_INFO = INCLUDE_SOURCE;
				MTL_FAST_MATH = YES;
				ONLY_ACTIVE_ARCH = YES;
				SDKROOT = iphoneos;
				SWIFT_ACTIVE_COMPILATION_CONDITIONS = DEBUG;
				SWIFT_OPTIMIZATION_LEVEL = "-Onone";
			};
			name = Debug;
		};
		CC1183842AB14B0400CE4BD2 /* Release */ = {
			isa = XCBuildConfiguration;
			buildSettings = {
				ALWAYS_SEARCH_USER_PATHS = NO;
				CLANG_ANALYZER_NONNULL = YES;
				CLANG_ANALYZER_NUMBER_OBJECT_CONVERSION = YES_AGGRESSIVE;
				CLANG_CXX_LANGUAGE_STANDARD = "gnu++20";
				CLANG_ENABLE_MODULES = YES;
				CLANG_ENABLE_OBJC_ARC = YES;
				CLANG_ENABLE_OBJC_WEAK = YES;
				CLANG_WARN_BLOCK_CAPTURE_AUTORELEASING = YES;
				CLANG_WARN_BOOL_CONVERSION = YES;
				CLANG_WARN_COMMA = YES;
				CLANG_WARN_CONSTANT_CONVERSION = YES;
				CLANG_WARN_DEPRECATED_OBJC_IMPLEMENTATIONS = YES;
				CLANG_WARN_DIRECT_OBJC_ISA_USAGE = YES_ERROR;
				CLANG_WARN_DOCUMENTATION_COMMENTS = YES;
				CLANG_WARN_EMPTY_BODY = YES;
				CLANG_WARN_ENUM_CONVERSION = YES;
				CLANG_WARN_INFINITE_RECURSION = YES;
				CLANG_WARN_INT_CONVERSION = YES;
				CLANG_WARN_NON_LITERAL_NULL_CONVERSION = YES;
				CLANG_WARN_OBJC_IMPLICIT_RETAIN_SELF = YES;
				CLANG_WARN_OBJC_LITERAL_CONVERSION = YES;
				CLANG_WARN_OBJC_ROOT_CLASS = YES_ERROR;
				CLANG_WARN_QUOTED_INCLUDE_IN_FRAMEWORK_HEADER = YES;
				CLANG_WARN_RANGE_LOOP_ANALYSIS = YES;
				CLANG_WARN_STRICT_PROTOTYPES = YES;
				CLANG_WARN_SUSPICIOUS_MOVE = YES;
				CLANG_WARN_UNGUARDED_AVAILABILITY = YES_AGGRESSIVE;
				CLANG_WARN_UNREACHABLE_CODE = YES;
				CLANG_WARN__DUPLICATE_METHOD_MATCH = YES;
				COPY_PHASE_STRIP = NO;
				DEBUG_INFORMATION_FORMAT = "dwarf-with-dsym";
				ENABLE_NS_ASSERTIONS = NO;
				ENABLE_STRICT_OBJC_MSGSEND = YES;
				GCC_C_LANGUAGE_STANDARD = gnu11;
				GCC_NO_COMMON_BLOCKS = YES;
				GCC_WARN_64_TO_32_BIT_CONVERSION = YES;
				GCC_WARN_ABOUT_RETURN_TYPE = YES_ERROR;
				GCC_WARN_UNDECLARED_SELECTOR = YES;
				GCC_WARN_UNINITIALIZED_AUTOS = YES_AGGRESSIVE;
				GCC_WARN_UNUSED_FUNCTION = YES;
				GCC_WARN_UNUSED_VARIABLE = YES;
				IPHONEOS_DEPLOYMENT_TARGET = 16.4;
				MTL_ENABLE_DEBUG_INFO = NO;
				MTL_FAST_MATH = YES;
				SDKROOT = iphoneos;
				SWIFT_COMPILATION_MODE = wholemodule;
				SWIFT_OPTIMIZATION_LEVEL = "-O";
				VALIDATE_PRODUCT = YES;
			};
			name = Release;
		};
		CC1183862AB14B0400CE4BD2 /* Debug */ = {
			isa = XCBuildConfiguration;
			baseConfigurationReference = C2A0D6DEDDDB0CD50758AD79 /* Pods-Daeseda.debug.xcconfig */;
			buildSettings = {
				ASSETCATALOG_COMPILER_APPICON_NAME = AppIcon;
				ASSETCATALOG_COMPILER_GLOBAL_ACCENT_COLOR_NAME = AccentColor;
				CODE_SIGN_STYLE = Automatic;
				CURRENT_PROJECT_VERSION = 1;
				GENERATE_INFOPLIST_FILE = YES;
				INFOPLIST_FILE = Daeseda/Info.plist;
				INFOPLIST_KEY_UIApplicationSupportsIndirectInputEvents = YES;
				INFOPLIST_KEY_UILaunchStoryboardName = LaunchScreen;
				INFOPLIST_KEY_UIMainStoryboardFile = Main;
				INFOPLIST_KEY_UISupportedInterfaceOrientations_iPad = "UIInterfaceOrientationPortrait UIInterfaceOrientationPortraitUpsideDown UIInterfaceOrientationLandscapeLeft UIInterfaceOrientationLandscapeRight";
				INFOPLIST_KEY_UISupportedInterfaceOrientations_iPhone = "UIInterfaceOrientationPortrait UIInterfaceOrientationLandscapeLeft UIInterfaceOrientationLandscapeRight";
				LD_RUNPATH_SEARCH_PATHS = (
					"$(inherited)",
					"@executable_path/Frameworks",
				);
				MARKETING_VERSION = 1.0;
				PRODUCT_BUNDLE_IDENTIFIER = induk.Daeseda;
				PRODUCT_NAME = "$(TARGET_NAME)";
				SWIFT_EMIT_LOC_STRINGS = YES;
				SWIFT_VERSION = 5.0;
				TARGETED_DEVICE_FAMILY = "1,2";
			};
			name = Debug;
		};
		CC1183872AB14B0400CE4BD2 /* Release */ = {
			isa = XCBuildConfiguration;
			baseConfigurationReference = 94732938D3F457F1B3DF2B28 /* Pods-Daeseda.release.xcconfig */;
			buildSettings = {
				ASSETCATALOG_COMPILER_APPICON_NAME = AppIcon;
				ASSETCATALOG_COMPILER_GLOBAL_ACCENT_COLOR_NAME = AccentColor;
				CODE_SIGN_STYLE = Automatic;
				CURRENT_PROJECT_VERSION = 1;
				GENERATE_INFOPLIST_FILE = YES;
				INFOPLIST_FILE = Daeseda/Info.plist;
				INFOPLIST_KEY_UIApplicationSupportsIndirectInputEvents = YES;
				INFOPLIST_KEY_UILaunchStoryboardName = LaunchScreen;
				INFOPLIST_KEY_UIMainStoryboardFile = Main;
				INFOPLIST_KEY_UISupportedInterfaceOrientations_iPad = "UIInterfaceOrientationPortrait UIInterfaceOrientationPortraitUpsideDown UIInterfaceOrientationLandscapeLeft UIInterfaceOrientationLandscapeRight";
				INFOPLIST_KEY_UISupportedInterfaceOrientations_iPhone = "UIInterfaceOrientationPortrait UIInterfaceOrientationLandscapeLeft UIInterfaceOrientationLandscapeRight";
				LD_RUNPATH_SEARCH_PATHS = (
					"$(inherited)",
					"@executable_path/Frameworks",
				);
				MARKETING_VERSION = 1.0;
				PRODUCT_BUNDLE_IDENTIFIER = induk.Daeseda;
				PRODUCT_NAME = "$(TARGET_NAME)";
				SWIFT_EMIT_LOC_STRINGS = YES;
				SWIFT_VERSION = 5.0;
				TARGETED_DEVICE_FAMILY = "1,2";
			};
			name = Release;
		};
/* End XCBuildConfiguration section */

/* Begin XCConfigurationList section */
		CC11836C2AB14AFF00CE4BD2 /* Build configuration list for PBXProject "Daeseda" */ = {
			isa = XCConfigurationList;
			buildConfigurations = (
				CC1183832AB14B0400CE4BD2 /* Debug */,
				CC1183842AB14B0400CE4BD2 /* Release */,
			);
			defaultConfigurationIsVisible = 0;
			defaultConfigurationName = Release;
		};
		CC1183852AB14B0400CE4BD2 /* Build configuration list for PBXNativeTarget "Daeseda" */ = {
			isa = XCConfigurationList;
			buildConfigurations = (
				CC1183862AB14B0400CE4BD2 /* Debug */,
				CC1183872AB14B0400CE4BD2 /* Release */,
			);
			defaultConfigurationIsVisible = 0;
			defaultConfigurationName = Release;
		};
/* End XCConfigurationList section */
	};
	rootObject = CC1183692AB14AFF00CE4BD2 /* Project object */;
}
